// !$*UTF8*$!
{
	archiveVersion = 1;
	classes = {
	};
	objectVersion = 77;
	objects = {

/* Begin PBXBuildFile section */
		477929EC5673401646E6E7DA /* Foundation.framework in Frameworks */ = {isa = PBXBuildFile; fileRef = 10BBE2B6F9DCE47D31CFCEA1 /* Foundation.framework */; };

		64E7EA0BAC54B67230EB7812 /* RiskEscapePolicyTests.swift in Sources */ = {isa = PBXBuildFile; fileRef = 1492F29D86376D1C4CC546B0 /* RiskEscapePolicyTests.swift */; };
		81D696466A0111B912D68DAD /* CachePolicyTests.swift in Sources */ = {isa = PBXBuildFile; fileRef = B0283C4A3BA0D41C0B5F480C /* CachePolicyTests.swift */; };
		8AFF37EAA21CE2182ACD8D6F /* V2AdapterTests.swift in Sources */ = {isa = PBXBuildFile; fileRef = B55DA450A3FA73951B71CD5C /* V2AdapterTests.swift */; };
		AB436D70FE7B5F8B78356C03 /* TradeValidatorTests.swift in Sources */ = {isa = PBXBuildFile; fileRef = 35ED3317CB184C016BF90764 /* TradeValidatorTests.swift */; };
		AEFF607FFE088E82CFBB7DE7 /* PulsingFABViewTests.swift in Sources */ = {isa = PBXBuildFile; fileRef = A6E351BA28975EDAC0E1BA62 /* PulsingFABViewTests.swift */; };
		C20B1CCD02CAE1503C8FD35D /* PrometheusOrderingTests.swift in Sources */ = {isa = PBXBuildFile; fileRef = B65C2FD8FD8E1AFDAC1D27EE /* PrometheusOrderingTests.swift */; };
		621C39A2DFD04C5184E8A83C /* PortfolioStoreSmokeTests.swift in Sources */ = {isa = PBXBuildFile; fileRef = 1A469DAB77D84EB694349A1E /* PortfolioStoreSmokeTests.swift */; };
/* End PBXBuildFile section */

/* Begin PBXContainerItemProxy section */
		F587A5C52FDFFB45B38CFE4E /* PBXContainerItemProxy */ = {
			isa = PBXContainerItemProxy;
			containerPortal = D965BC152F2CB3E20051704D /* Project object */;
			proxyType = 1;
			remoteGlobalIDString = D965BC1C2F2CB3E20051704D;
			remoteInfo = argus;
		};
/* End PBXContainerItemProxy section */

/* Begin PBXFileReference section */
		10BBE2B6F9DCE47D31CFCEA1 /* Foundation.framework */ = {isa = PBXFileReference; lastKnownFileType = wrapper.framework; name = Foundation.framework; path = Platforms/iPhoneOS.platform/Developer/SDKs/iPhoneOS18.0.sdk/System/Library/Frameworks/Foundation.framework; sourceTree = DEVELOPER_DIR; };
		1492F29D86376D1C4CC546B0 /* RiskEscapePolicyTests.swift */ = {isa = PBXFileReference; includeInIndex = 1; lastKnownFileType = sourcecode.swift; path = RiskEscapePolicyTests.swift; sourceTree = "<group>"; };
		35ED3317CB184C016BF90764 /* TradeValidatorTests.swift */ = {isa = PBXFileReference; includeInIndex = 1; lastKnownFileType = sourcecode.swift; path = TradeValidatorTests.swift; sourceTree = "<group>"; };

		578DC6BD61064A0B294EF85D /* argusTests.xctest */ = {isa = PBXFileReference; explicitFileType = wrapper.cfbundle; includeInIndex = 0; path = argusTests.xctest; sourceTree = BUILT_PRODUCTS_DIR; };
		A6E351BA28975EDAC0E1BA62 /* PulsingFABViewTests.swift */ = {isa = PBXFileReference; includeInIndex = 1; lastKnownFileType = sourcecode.swift; path = PulsingFABViewTests.swift; sourceTree = "<group>"; };
		B0283C4A3BA0D41C0B5F480C /* CachePolicyTests.swift */ = {isa = PBXFileReference; includeInIndex = 1; lastKnownFileType = sourcecode.swift; path = CachePolicyTests.swift; sourceTree = "<group>"; };
		B55DA450A3FA73951B71CD5C /* V2AdapterTests.swift */ = {isa = PBXFileReference; includeInIndex = 1; lastKnownFileType = sourcecode.swift; path = V2AdapterTests.swift; sourceTree = "<group>"; };
		B65C2FD8FD8E1AFDAC1D27EE /* PrometheusOrderingTests.swift */ = {isa = PBXFileReference; includeInIndex = 1; lastKnownFileType = sourcecode.swift; path = PrometheusOrderingTests.swift; sourceTree = "<group>"; };
		1A469DAB77D84EB694349A1E /* PortfolioStoreSmokeTests.swift */ = {isa = PBXFileReference; includeInIndex = 1; lastKnownFileType = sourcecode.swift; path = PortfolioStoreSmokeTests.swift; sourceTree = "<group>"; };
		D965BC1D2F2CB3E20051704D /* argus.app */ = {isa = PBXFileReference; explicitFileType = wrapper.application; includeInIndex = 0; path = argus.app; sourceTree = BUILT_PRODUCTS_DIR; };
		D9A0C0C62F2D000100000001 /* Secrets.xcconfig */ = {isa = PBXFileReference; lastKnownFileType = text.xcconfig; path = Secrets.xcconfig; sourceTree = "<group>"; };
/* End PBXFileReference section */

/* Begin PBXFileSystemSynchronizedRootGroup section */
		D965BC1F2F2CB3E20051704D /* argus */ = {
			isa = PBXFileSystemSynchronizedRootGroup;
			path = argus;
			sourceTree = "<group>";
		};
/* End PBXFileSystemSynchronizedRootGroup section */

/* Begin PBXFrameworksBuildPhase section */
		3CC8AD6D46CA04D22DCE769C /* Frameworks */ = {
			isa = PBXFrameworksBuildPhase;
			buildActionMask = 2147483647;
			files = (
				477929EC5673401646E6E7DA /* Foundation.framework in Frameworks */,
			);
			runOnlyForDeploymentPostprocessing = 0;
		};
		D965BC1A2F2CB3E20051704D /* Frameworks */ = {
			isa = PBXFrameworksBuildPhase;
			buildActionMask = 2147483647;
			files = (
			);
			runOnlyForDeploymentPostprocessing = 0;
		};
/* End PBXFrameworksBuildPhase section */

/* Begin PBXGroup section */
		0FA665EE064B37CF5AD801AE /* argusTests */ = {
			isa = PBXGroup;
			children = (
				C913988B9F15B35614DF2A3E /* Council */,
				B65C2FD8FD8E1AFDAC1D27EE /* PrometheusOrderingTests.swift */,
				A6E351BA28975EDAC0E1BA62 /* PulsingFABViewTests.swift */,
				1A469DAB77D84EB694349A1E /* PortfolioStoreSmokeTests.swift */,
				5AB74A7131971BE9B1067DCD /* Utilities */,
				C9EEADD1CC91A09D5A2BE819 /* ViewModels */,
			);
			path = argusTests;
			sourceTree = "<group>";
		};
		5AB74A7131971BE9B1067DCD /* Utilities */ = {
			isa = PBXGroup;
			children = (
				B0283C4A3BA0D41C0B5F480C /* CachePolicyTests.swift */,
				1492F29D86376D1C4CC546B0 /* RiskEscapePolicyTests.swift */,

				35ED3317CB184C016BF90764 /* TradeValidatorTests.swift */,
			);
			path = Utilities;
			sourceTree = "<group>";
		};
		A4B526AE8E2578CCE8EA56A9 /* iOS */ = {
			isa = PBXGroup;
			children = (
				10BBE2B6F9DCE47D31CFCEA1 /* Foundation.framework */,
			);
			name = iOS;
			sourceTree = "<group>";
		};
		A6271C2D5BB63F63FD1C8E28 /* Frameworks */ = {
			isa = PBXGroup;
			children = (
				A4B526AE8E2578CCE8EA56A9 /* iOS */,
			);
			name = Frameworks;
			sourceTree = "<group>";
		};
		C913988B9F15B35614DF2A3E /* Council */ = {
			isa = PBXGroup;
			children = (
				B55DA450A3FA73951B71CD5C /* V2AdapterTests.swift */,
			);
			path = Council;
			sourceTree = "<group>";
		};
		C9EEADD1CC91A09D5A2BE819 /* ViewModels */ = {
			isa = PBXGroup;
			children = (
			);
			path = ViewModels;
			sourceTree = "<group>";
		};
		D965BC142F2CB3E20051704D = {
			isa = PBXGroup;
			children = (
				D9A0C0C62F2D000100000001 /* Secrets.xcconfig */,
				D965BC1F2F2CB3E20051704D /* argus */,
				D965BC1E2F2CB3E20051704D /* Products */,
				A6271C2D5BB63F63FD1C8E28 /* Frameworks */,
				0FA665EE064B37CF5AD801AE /* argusTests */,
			);
			sourceTree = "<group>";
		};
		D965BC1E2F2CB3E20051704D /* Products */ = {
			isa = PBXGroup;
			children = (
				D965BC1D2F2CB3E20051704D /* argus.app */,
				578DC6BD61064A0B294EF85D /* argusTests.xctest */,
			);
			name = Products;
			sourceTree = "<group>";
		};
/* End PBXGroup section */

/* Begin PBXNativeTarget section */
		3A9E72DB5DA4E8338CF9645E /* argusTests */ = {
			isa = PBXNativeTarget;
			buildConfigurationList = 9922F34002442955BA1D5C2B /* Build configuration list for PBXNativeTarget "argusTests" */;
			buildPhases = (
				FA1DD39F932FABCE8739F74F /* Sources */,
				3CC8AD6D46CA04D22DCE769C /* Frameworks */,
				1152C35CC5DBD98A03BCC8F1 /* Resources */,
			);
			buildRules = (
			);
			dependencies = (
				AEF83D640D3BB58F11299AD7 /* PBXTargetDependency */,
			);
			name = argusTests;
			productName = argusTests;
			productReference = 578DC6BD61064A0B294EF85D /* argusTests.xctest */;
			productType = "com.apple.product-type.bundle.unit-test";
		};
		D965BC1C2F2CB3E20051704D /* argus */ = {
			isa = PBXNativeTarget;
			buildConfigurationList = D965BC2D2F2CB3E30051704D /* Build configuration list for PBXNativeTarget "argus" */;
			buildPhases = (
				D965BC192F2CB3E20051704D /* Sources */,
				D965BC1A2F2CB3E20051704D /* Frameworks */,
				D965BC1B2F2CB3E20051704D /* Resources */,
			);
			buildRules = (
			);
			dependencies = (
			);
			fileSystemSynchronizedGroups = (
				D965BC1F2F2CB3E20051704D /* argus */,
			);
			name = argus;
			productName = argus;
			productReference = D965BC1D2F2CB3E20051704D /* argus.app */;
			productType = "com.apple.product-type.application";
		};
/* End PBXNativeTarget section */

/* Begin PBXProject section */
		D965BC152F2CB3E20051704D /* Project object */ = {
			isa = PBXProject;
			attributes = {
				BuildIndependentTargetsInParallel = 1;
				LastSwiftUpdateCheck = 2620;
				LastUpgradeCheck = 2620;
				TargetAttributes = {
					D965BC1C2F2CB3E20051704D = {
						CreatedOnToolsVersion = 26.2;
					};
				};
			};
			buildConfigurationList = D965BC182F2CB3E20051704D /* Build configuration list for PBXProject "argus" */;
			developmentRegion = en;
			hasScannedForEncodings = 0;
			knownRegions = (
				en,
				Base,
			);
			mainGroup = D965BC142F2CB3E20051704D;
			minimizedProjectReferenceProxies = 1;
			preferredProjectObjectVersion = 77;
			productRefGroup = D965BC1E2F2CB3E20051704D /* Products */;
			projectDirPath = "";
			projectRoot = "";
			targets = (
				D965BC1C2F2CB3E20051704D /* argus */,
				3A9E72DB5DA4E8338CF9645E /* argusTests */,
			);
		};
/* End PBXProject section */

/* Begin PBXResourcesBuildPhase section */
		1152C35CC5DBD98A03BCC8F1 /* Resources */ = {
			isa = PBXResourcesBuildPhase;
			buildActionMask = 2147483647;
			files = (
			);
			runOnlyForDeploymentPostprocessing = 0;
		};
		D965BC1B2F2CB3E20051704D /* Resources */ = {
			isa = PBXResourcesBuildPhase;
			buildActionMask = 2147483647;
			files = (
			);
			runOnlyForDeploymentPostprocessing = 0;
		};
/* End PBXResourcesBuildPhase section */

/* Begin PBXSourcesBuildPhase section */
		D965BC192F2CB3E20051704D /* Sources */ = {
			isa = PBXSourcesBuildPhase;
			buildActionMask = 2147483647;
			files = (
			);
			runOnlyForDeploymentPostprocessing = 0;
		};
		FA1DD39F932FABCE8739F74F /* Sources */ = {
			isa = PBXSourcesBuildPhase;
			buildActionMask = 2147483647;
			files = (
				8AFF37EAA21CE2182ACD8D6F /* V2AdapterTests.swift in Sources */,
				C20B1CCD02CAE1503C8FD35D /* PrometheusOrderingTests.swift in Sources */,
				AEFF607FFE088E82CFBB7DE7 /* PulsingFABViewTests.swift in Sources */,
				621C39A2DFD04C5184E8A83C /* PortfolioStoreSmokeTests.swift in Sources */,
				81D696466A0111B912D68DAD /* CachePolicyTests.swift in Sources */,
				64E7EA0BAC54B67230EB7812 /* RiskEscapePolicyTests.swift in Sources */,

				AB436D70FE7B5F8B78356C03 /* TradeValidatorTests.swift in Sources */,
			);
			runOnlyForDeploymentPostprocessing = 0;
		};
/* End PBXSourcesBuildPhase section */

/* Begin PBXTargetDependency section */
		AEF83D640D3BB58F11299AD7 /* PBXTargetDependency */ = {
			isa = PBXTargetDependency;
			name = argus;
			target = D965BC1C2F2CB3E20051704D /* argus */;
			targetProxy = F587A5C52FDFFB45B38CFE4E /* PBXContainerItemProxy */;
		};
/* End PBXTargetDependency section */

/* Begin XCBuildConfiguration section */
		851F3921DD8FBF91927A226B /* Debug */ = {
			isa = XCBuildConfiguration;
			buildSettings = {
				ALWAYS_EMBED_SWIFT_STANDARD_LIBRARIES = NO;
				BUNDLE_LOADER = "$(TEST_HOST)";
				CLANG_ENABLE_MODULES = YES;
				CLANG_ENABLE_OBJC_WEAK = NO;
				CODE_SIGN_STYLE = Automatic;
				DEVELOPMENT_TEAM = 366VVLKN2U;
				IPHONEOS_DEPLOYMENT_TARGET = 17.0;
				LD_RUNPATH_SEARCH_PATHS = (
					"$(inherited)",
					"@executable_path/Frameworks",
					"@loader_path/Frameworks",
				);
				PRODUCT_BUNDLE_IDENTIFIER = ArgusTeam.argusTests;
				PRODUCT_NAME = "$(TARGET_NAME)";
				SDKROOT = iphoneos;
				SWIFT_VERSION = 5.0;
				TARGETED_DEVICE_FAMILY = "1,2";
				TEST_HOST = "$(BUILT_PRODUCTS_DIR)/argus.app/argus";
			};
			name = Debug;
		};
		B630E6A93AB23A5E9D7A2AF6 /* Release */ = {
			isa = XCBuildConfiguration;
			buildSettings = {
				ALWAYS_EMBED_SWIFT_STANDARD_LIBRARIES = NO;
				BUNDLE_LOADER = "$(TEST_HOST)";
				CLANG_ENABLE_MODULES = YES;
				CLANG_ENABLE_OBJC_WEAK = NO;
				CODE_SIGN_STYLE = Automatic;
				DEVELOPMENT_TEAM = 366VVLKN2U;
				IPHONEOS_DEPLOYMENT_TARGET = 17.0;
				LD_RUNPATH_SEARCH_PATHS = (
					"$(inherited)",
					"@executable_path/Frameworks",
					"@loader_path/Frameworks",
				);
				PRODUCT_BUNDLE_IDENTIFIER = ArgusTeam.argusTests;
				PRODUCT_NAME = "$(TARGET_NAME)";
				SDKROOT = iphoneos;
				SWIFT_VERSION = 5.0;
				TARGETED_DEVICE_FAMILY = "1,2";
				TEST_HOST = "$(BUILT_PRODUCTS_DIR)/argus.app/argus";
				VALIDATE_PRODUCT = YES;
			};
			name = Release;
		};
		D965BC2B2F2CB3E30051704D /* Debug */ = {
			isa = XCBuildConfiguration;
			buildSettings = {
				ALWAYS_SEARCH_USER_PATHS = NO;
				ASSETCATALOG_COMPILER_GENERATE_SWIFT_ASSET_SYMBOL_EXTENSIONS = YES;
				CLANG_ANALYZER_NONNULL = YES;
				CLANG_ANALYZER_NUMBER_OBJECT_CONVERSION = YES_AGGRESSIVE;
				CLANG_CXX_LANGUAGE_STANDARD = "gnu++20";
				CLANG_ENABLE_MODULES = YES;
				CLANG_ENABLE_OBJC_ARC = YES;
				CLANG_ENABLE_OBJC_WEAK = YES;
				CLANG_WARN_BLOCK_CAPTURE_AUTORELEASING = YES;
				CLANG_WARN_BOOL_CONVERSION = YES;
				CLANG_WARN_COMMA = YES;
				CLANG_WARN_CONSTANT_CONVERSION = YES;
				CLANG_WARN_DEPRECATED_OBJC_IMPLEMENTATIONS = YES;
				CLANG_WARN_DIRECT_OBJC_ISA_USAGE = YES_ERROR;
				CLANG_WARN_DOCUMENTATION_COMMENTS = YES;
				CLANG_WARN_EMPTY_BODY = YES;
				CLANG_WARN_ENUM_CONVERSION = YES;
				CLANG_WARN_INFINITE_RECURSION = YES;
				CLANG_WARN_INT_CONVERSION = YES;
				CLANG_WARN_NON_LITERAL_NULL_CONVERSION = YES;
				CLANG_WARN_OBJC_IMPLICIT_RETAIN_SELF = YES;
				CLANG_WARN_OBJC_LITERAL_CONVERSION = YES;
				CLANG_WARN_OBJC_ROOT_CLASS = YES_ERROR;
				CLANG_WARN_QUOTED_INCLUDE_IN_FRAMEWORK_HEADER = YES;
				CLANG_WARN_RANGE_LOOP_ANALYSIS = YES;
				CLANG_WARN_STRICT_PROTOTYPES = YES;
				CLANG_WARN_SUSPICIOUS_MOVE = YES;
				CLANG_WARN_UNGUARDED_AVAILABILITY = YES_AGGRESSIVE;
				CLANG_WARN_UNREACHABLE_CODE = YES;
				CLANG_WARN__DUPLICATE_METHOD_MATCH = YES;
				COPY_PHASE_STRIP = NO;
				DEBUG_INFORMATION_FORMAT = dwarf;
				DEVELOPMENT_TEAM = "";
				ENABLE_STRICT_OBJC_MSGSEND = YES;
				ENABLE_TESTABILITY = YES;
				ENABLE_USER_SCRIPT_SANDBOXING = YES;
				GCC_C_LANGUAGE_STANDARD = gnu17;
				GCC_DYNAMIC_NO_PIC = NO;
				GCC_NO_COMMON_BLOCKS = YES;
				GCC_OPTIMIZATION_LEVEL = 0;
				GCC_PREPROCESSOR_DEFINITIONS = (
					"DEBUG=1",
					"$(inherited)",
				);
				GCC_WARN_64_TO_32_BIT_CONVERSION = YES;
				GCC_WARN_ABOUT_RETURN_TYPE = YES_ERROR;
				GCC_WARN_UNDECLARED_SELECTOR = YES;
				GCC_WARN_UNINITIALIZED_AUTOS = YES_AGGRESSIVE;
				GCC_WARN_UNUSED_FUNCTION = YES;
				GCC_WARN_UNUSED_VARIABLE = YES;
				LOCALIZATION_PREFERS_STRING_CATALOGS = YES;
				MTL_ENABLE_DEBUG_INFO = INCLUDE_SOURCE;
				MTL_FAST_MATH = YES;
				ONLY_ACTIVE_ARCH = YES;
				SWIFT_ACTIVE_COMPILATION_CONDITIONS = "DEBUG $(inherited)";
				SWIFT_COMPILATION_MODE = singlefile;
				SWIFT_DETERMINISTIC_DAG = YES;
				SWIFT_OPTIMIZATION_LEVEL = "-Onone";
			};
			name = Debug;
		};
		D965BC2C2F2CB3E30051704D /* Release */ = {
			isa = XCBuildConfiguration;
			buildSettings = {
				ALWAYS_SEARCH_USER_PATHS = NO;
				ASSETCATALOG_COMPILER_GENERATE_SWIFT_ASSET_SYMBOL_EXTENSIONS = YES;
				CLANG_ANALYZER_NONNULL = YES;
				CLANG_ANALYZER_NUMBER_OBJECT_CONVERSION = YES_AGGRESSIVE;
				CLANG_CXX_LANGUAGE_STANDARD = "gnu++20";
				CLANG_ENABLE_MODULES = YES;
				CLANG_ENABLE_OBJC_ARC = YES;
				CLANG_ENABLE_OBJC_WEAK = YES;
				CLANG_WARN_BLOCK_CAPTURE_AUTORELEASING = YES;
				CLANG_WARN_BOOL_CONVERSION = YES;
				CLANG_WARN_COMMA = YES;
				CLANG_WARN_CONSTANT_CONVERSION = YES;
				CLANG_WARN_DEPRECATED_OBJC_IMPLEMENTATIONS = YES;
				CLANG_WARN_DIRECT_OBJC_ISA_USAGE = YES_ERROR;
				CLANG_WARN_DOCUMENTATION_COMMENTS = YES;
				CLANG_WARN_EMPTY_BODY = YES;
				CLANG_WARN_ENUM_CONVERSION = YES;
				CLANG_WARN_INFINITE_RECURSION = YES;
				CLANG_WARN_INT_CONVERSION = YES;
				CLANG_WARN_NON_LITERAL_NULL_CONVERSION = YES;
				CLANG_WARN_OBJC_IMPLICIT_RETAIN_SELF = YES;
				CLANG_WARN_OBJC_LITERAL_CONVERSION = YES;
				CLANG_WARN_OBJC_ROOT_CLASS = YES_ERROR;
				CLANG_WARN_QUOTED_INCLUDE_IN_FRAMEWORK_HEADER = YES;
				CLANG_WARN_RANGE_LOOP_ANALYSIS = YES;
				CLANG_WARN_STRICT_PROTOTYPES = YES;
				CLANG_WARN_SUSPICIOUS_MOVE = YES;
				CLANG_WARN_UNGUARDED_AVAILABILITY = YES_AGGRESSIVE;
				CLANG_WARN_UNREACHABLE_CODE = YES;
				CLANG_WARN__DUPLICATE_METHOD_MATCH = YES;
				COPY_PHASE_STRIP = NO;
				DEBUG_INFORMATION_FORMAT = "dwarf-with-dsym";
				DEVELOPMENT_TEAM = "";
				ENABLE_NS_ASSERTIONS = NO;
				ENABLE_STRICT_OBJC_MSGSEND = YES;
				ENABLE_USER_SCRIPT_SANDBOXING = YES;
				GCC_C_LANGUAGE_STANDARD = gnu17;
				GCC_NO_COMMON_BLOCKS = YES;
				GCC_WARN_64_TO_32_BIT_CONVERSION = YES;
				GCC_WARN_ABOUT_RETURN_TYPE = YES_ERROR;
				GCC_WARN_UNDECLARED_SELECTOR = YES;
				GCC_WARN_UNINITIALIZED_AUTOS = YES_AGGRESSIVE;
				GCC_WARN_UNUSED_FUNCTION = YES;
				GCC_WARN_UNUSED_VARIABLE = YES;
				LOCALIZATION_PREFERS_STRING_CATALOGS = YES;
				MTL_ENABLE_DEBUG_INFO = NO;
				MTL_FAST_MATH = YES;
				SWIFT_COMPILATION_MODE = wholemodule;
			};
			name = Release;
		};
		D965BC2E2F2CB3E30051704D /* Debug */ = {
			isa = XCBuildConfiguration;
			baseConfigurationReference = D9A0C0C62F2D000100000001 /* Secrets.xcconfig */;
			buildSettings = {
				ASSETCATALOG_COMPILER_APPICON_NAME = AppIcon;
				ASSETCATALOG_COMPILER_GLOBAL_ACCENT_COLOR_NAME = AccentColor;
				CODE_SIGNING_ALLOWED = YES;
				CODE_SIGNING_REQUIRED = YES;
				CODE_SIGN_IDENTITY = "Apple Development";
				CODE_SIGN_STYLE = Automatic;
				CURRENT_PROJECT_VERSION = 1;
				DEVELOPMENT_TEAM = 366VVLKN2U;
				ENABLE_PREVIEWS = YES;
				GENERATE_INFOPLIST_FILE = YES;
				INFOPLIST_FILE = Info.plist;
				INFOPLIST_KEY_ALPHA_VANTAGE_KEY = "$(ALPHA_VANTAGE_KEY)";
				INFOPLIST_KEY_BORSAPY_KEY = "$(BORSAPY_KEY)";
				INFOPLIST_KEY_BORSAPY_URL = "$(BORSAPY_URL)";
				INFOPLIST_KEY_DEEPSEEK_KEY = "$(DEEPSEEK_KEY)";
				INFOPLIST_KEY_DOVIZCOM_KEY = "$(DOVIZCOM_KEY)";
				INFOPLIST_KEY_EODHD_KEY = "$(EODHD_KEY)";
				INFOPLIST_KEY_FINNHUB_KEY = "$(FINNHUB_KEY)";
				INFOPLIST_KEY_FMP_KEY = "$(FMP_KEY)";
				INFOPLIST_KEY_FRED_KEY = "$(FRED_KEY)";
				INFOPLIST_KEY_GEMINI_KEY = "$(GEMINI_KEY)";
				INFOPLIST_KEY_GLM_KEY = "$(GLM_KEY)";
				INFOPLIST_KEY_GROQ_KEY = "$(GROQ_KEY)";
				INFOPLIST_KEY_MARKETSTACK_KEY = "$(MARKETSTACK_KEY)";
				INFOPLIST_KEY_NSMicrophoneUsageDescription = "Argus Voice ile sesli komut vermek için mikrofon erişimi gereklidir.";
				INFOPLIST_KEY_NSSpeechRecognitionUsageDescription = "Argus Voice ile sesli komutlarınızı anlamak için konuşma tanıma erişimi gereklidir.";
				INFOPLIST_KEY_PINECONE_BASE_URL = "$(PINECONE_BASE_URL)";
				INFOPLIST_KEY_PINECONE_KEY = "$(PINECONE_KEY)";
				INFOPLIST_KEY_TIINGO_KEY = "$(TIINGO_KEY)";
				INFOPLIST_KEY_TWELVE_DATA_KEY = "$(TWELVE_DATA_KEY)";
				INFOPLIST_KEY_UIApplicationSceneManifest_Generation = YES;
				INFOPLIST_KEY_UIApplicationSupportsIndirectInputEvents = YES;
				INFOPLIST_KEY_UILaunchScreen_Generation = YES;
				INFOPLIST_KEY_UIStatusBarStyle = UIStatusBarStyleDefault;
				INFOPLIST_KEY_UISupportedInterfaceOrientations_iPad = "UIInterfaceOrientationPortrait UIInterfaceOrientationPortraitUpsideDown UIInterfaceOrientationLandscapeLeft UIInterfaceOrientationLandscapeRight";
				INFOPLIST_KEY_UISupportedInterfaceOrientations_iPhone = "UIInterfaceOrientationPortrait UIInterfaceOrientationLandscapeLeft UIInterfaceOrientationLandscapeRight";
				IPHONEOS_DEPLOYMENT_TARGET = 17.0;
				LD_RUNPATH_SEARCH_PATHS = "@executable_path/Frameworks";
				MARKETING_VERSION = 1.0;
				PRODUCT_BUNDLE_IDENTIFIER = ArgusTeam.argus;
				PRODUCT_NAME = "$(TARGET_NAME)";
				SDKROOT = iphoneos;
				STRING_CATALOG_GENERATE_SYMBOLS = YES;
				SUPPORTED_PLATFORMS = "iphoneos iphonesimulator";
				SWIFT_APPROACHABLE_CONCURRENCY = YES;
				SWIFT_DEFAULT_ACTOR_ISOLATION = MainActor;
				SWIFT_EMIT_LOC_STRINGS = YES;
				SWIFT_UPCOMING_FEATURE_MEMBER_IMPORT_VISIBILITY = YES;
				SWIFT_VERSION = 5.0;
				TARGETED_DEVICE_FAMILY = "1,2";
			};
			name = Debug;
		};
		D965BC2F2F2CB3E30051704D /* Release */ = {
			isa = XCBuildConfiguration;
			baseConfigurationReference = D9A0C0C62F2D000100000001 /* Secrets.xcconfig */;
			buildSettings = {
				ASSETCATALOG_COMPILER_APPICON_NAME = AppIcon;
				ASSETCATALOG_COMPILER_GLOBAL_ACCENT_COLOR_NAME = AccentColor;
				CODE_SIGNING_ALLOWED = YES;
				CODE_SIGNING_REQUIRED = YES;
				CODE_SIGN_IDENTITY = "Apple Development";
				CODE_SIGN_STYLE = Automatic;
				CURRENT_PROJECT_VERSION = 1;
				DEVELOPMENT_TEAM = 366VVLKN2U;
				ENABLE_PREVIEWS = YES;
				GENERATE_INFOPLIST_FILE = YES;
				INFOPLIST_FILE = Info.plist;
				INFOPLIST_KEY_ALPHA_VANTAGE_KEY = "$(ALPHA_VANTAGE_KEY)";
				INFOPLIST_KEY_BORSAPY_KEY = "$(BORSAPY_KEY)";
				INFOPLIST_KEY_BORSAPY_URL = "$(BORSAPY_URL)";
				INFOPLIST_KEY_DEEPSEEK_KEY = "$(DEEPSEEK_KEY)";
				INFOPLIST_KEY_DOVIZCOM_KEY = "$(DOVIZCOM_KEY)";
				INFOPLIST_KEY_EODHD_KEY = "$(EODHD_KEY)";
				INFOPLIST_KEY_FINNHUB_KEY = "$(FINNHUB_KEY)";
				INFOPLIST_KEY_FMP_KEY = "$(FMP_KEY)";
				INFOPLIST_KEY_FRED_KEY = "$(FRED_KEY)";
				INFOPLIST_KEY_GEMINI_KEY = "$(GEMINI_KEY)";
				INFOPLIST_KEY_GLM_KEY = "$(GLM_KEY)";
				INFOPLIST_KEY_GROQ_KEY = "$(GROQ_KEY)";
				INFOPLIST_KEY_MARKETSTACK_KEY = "$(MARKETSTACK_KEY)";
				INFOPLIST_KEY_NSMicrophoneUsageDescription = "Argus Voice ile sesli komut vermek için mikrofon erişimi gereklidir.";
				INFOPLIST_KEY_NSSpeechRecognitionUsageDescription = "Argus Voice ile sesli komutlarınızı anlamak için konuşma tanıma erişimi gereklidir.";
				INFOPLIST_KEY_PINECONE_BASE_URL = "$(PINECONE_BASE_URL)";
				INFOPLIST_KEY_PINECONE_KEY = "$(PINECONE_KEY)";
				INFOPLIST_KEY_TIINGO_KEY = "$(TIINGO_KEY)";
				INFOPLIST_KEY_TWELVE_DATA_KEY = "$(TWELVE_DATA_KEY)";
				INFOPLIST_KEY_UIApplicationSceneManifest_Generation = YES;
				INFOPLIST_KEY_UIApplicationSupportsIndirectInputEvents = YES;
				INFOPLIST_KEY_UILaunchScreen_Generation = YES;
				INFOPLIST_KEY_UIStatusBarStyle = UIStatusBarStyleDefault;
				INFOPLIST_KEY_UISupportedInterfaceOrientations_iPad = "UIInterfaceOrientationPortrait UIInterfaceOrientationPortraitUpsideDown UIInterfaceOrientationLandscapeLeft UIInterfaceOrientationLandscapeRight";
				INFOPLIST_KEY_UISupportedInterfaceOrientations_iPhone = "UIInterfaceOrientationPortrait UIInterfaceOrientationLandscapeLeft UIInterfaceOrientationLandscapeRight";
				IPHONEOS_DEPLOYMENT_TARGET = 17.0;
				LD_RUNPATH_SEARCH_PATHS = "@executable_path/Frameworks";
				MARKETING_VERSION = 1.0;
				PRODUCT_BUNDLE_IDENTIFIER = ArgusTeam.argus;
				PRODUCT_NAME = "$(TARGET_NAME)";
				SDKROOT = iphoneos;
				STRING_CATALOG_GENERATE_SYMBOLS = YES;
				SUPPORTED_PLATFORMS = "iphoneos iphonesimulator";
				SWIFT_APPROACHABLE_CONCURRENCY = YES;
				SWIFT_DEFAULT_ACTOR_ISOLATION = MainActor;
				SWIFT_EMIT_LOC_STRINGS = YES;
				SWIFT_UPCOMING_FEATURE_MEMBER_IMPORT_VISIBILITY = YES;
				SWIFT_VERSION = 5.0;
				TARGETED_DEVICE_FAMILY = "1,2";
			};
			name = Release;
		};
/* End XCBuildConfiguration section */

/* Begin XCConfigurationList section */
		9922F34002442955BA1D5C2B /* Build configuration list for PBXNativeTarget "argusTests" */ = {
			isa = XCConfigurationList;
			buildConfigurations = (
				B630E6A93AB23A5E9D7A2AF6 /* Release */,
				851F3921DD8FBF91927A226B /* Debug */,
			);
			defaultConfigurationIsVisible = 0;
			defaultConfigurationName = Release;
		};
		D965BC182F2CB3E20051704D /* Build configuration list for PBXProject "argus" */ = {
			isa = XCConfigurationList;
			buildConfigurations = (
				D965BC2B2F2CB3E30051704D /* Debug */,
				D965BC2C2F2CB3E30051704D /* Release */,
			);
			defaultConfigurationIsVisible = 0;
			defaultConfigurationName = Release;
		};
		D965BC2D2F2CB3E30051704D /* Build configuration list for PBXNativeTarget "argus" */ = {
			isa = XCConfigurationList;
			buildConfigurations = (
				D965BC2E2F2CB3E30051704D /* Debug */,
				D965BC2F2F2CB3E30051704D /* Release */,
			);
			defaultConfigurationIsVisible = 0;
			defaultConfigurationName = Release;
		};
/* End XCConfigurationList section */
	};
	rootObject = D965BC152F2CB3E20051704D /* Project object */;
}
